
Microsoft Visual Studio Solution File, Format Version 12.00
# Visual Studio 15
VisualStudioVersion = 15.0.27703.2047
MinimumVisualStudioVersion = 10.0.40219.1
Project("{FAE04EC0-301F-11D3-BF4B-00C04F79EFBC}") = "Latihan2", "Latihan2\Latihan2.csproj", "{37BBD8CE-A74F-47C4-82E2-F0A4594DF247}"
EndProject
Project("{FAE04EC0-301F-11D3-BF4B-00C04F79EFBC}") = "Latihan2.Entities", "Latihan2.Entities\Latihan2.Entities.csproj", "{85E428D3-A23E-4267-855B-4E8A4F500F81}"
EndProject
Global
	GlobalSection(SolutionConfigurationPlatforms) = preSolution
		Debug|Any CPU = Debug|Any CPU
		Release|Any CPU = Release|Any CPU
	EndGlobalSection
	GlobalSection(ProjectConfigurationPlatforms) = postSolution
		{37BBD8CE-A74F-47C4-82E2-F0A4594DF247}.Debug|Any CPU.ActiveCfg = Debug|Any CPU
		{37BBD8CE-A74F-47C4-82E2-F0A4594DF247}.Debug|Any CPU.Build.0 = Debug|Any CPU
		{37BBD8CE-A74F-47C4-82E2-F0A4594DF247}.Release|Any CPU.ActiveCfg = Release|Any CPU
		{37BBD8CE-A74F-47C4-82E2-F0A4594DF247}.Release|Any CPU.Build.0 = Release|Any CPU
		{85E428D3-A23E-4267-855B-4E8A4F500F81}.Debug|Any CPU.ActiveCfg = Debug|Any CPU
		{85E428D3-A23E-4267-855B-4E8A4F500F81}.Debug|Any CPU.Build.0 = Debug|Any CPU
		{85E428D3-A23E-4267-855B-4E8A4F500F81}.Release|Any CPU.ActiveCfg = Release|Any CPU
		{85E428D3-A23E-4267-855B-4E8A4F500F81}.Release|Any CPU.Build.0 = Release|Any CPU
	EndGlobalSection
	GlobalSection(SolutionProperties) = preSolution
		HideSolutionNode = FALSE
	EndGlobalSection
	GlobalSection(ExtensibilityGlobals) = postSolution
		SolutionGuid = {ED633D84-CB89-4E86-90AC-5A03415512AE}
	EndGlobalSection
EndGlobal
